<Solution>
  <Folder Name="/Solution Items/">
    <File Path=".gitignore" />
    <File Path="README.md" />
  </Folder>
  <Folder Name="/src/">
    <Project Path="RestorantApp.Businnes/RestorantApp.Businnes.csproj" />
    <Project Path="RestorantApp.DataAccess/RestorantApp.DataAccess.csproj" />
    <Project Path="RestorantApp.Entity/RestorantApp.Entity.csproj" />
    <Project Path="RestorantApp.Presentation/RestorantApp.Presentation.csproj" />
  </Folder>
  <Folder Name="/tests/">
    <Project Path="Test/Test.csproj" Id="235cb183-c029-4eb6-a661-47ad0a45666a" />
  </Folder>
</Solution>
